
Microsoft Visual Studio Solution File, Format Version 12.00
# Visual Studio Version 16
VisualStudioVersion = 16.0.29102.190
MinimumVisualStudioVersion = 10.0.40219.1
Project("{FAE04EC0-301F-11D3-BF4B-00C04F79EFBC}") = "AspNetCore.Identity.LiteDB", "AspNetCore.Identity.LiteDB\AspNetCore.Identity.LiteDB.csproj", "{DD491495-AC21-49F7-8A2C-528B19AFD4D5}"
EndProject
Global
	GlobalSection(SolutionConfigurationPlatforms) = preSolution
		Debug|Any CPU = Debug|Any CPU
		Release|Any CPU = Release|Any CPU
	EndGlobalSection
	GlobalSection(ProjectConfigurationPlatforms) = postSolution
		{DD491495-AC21-49F7-8A2C-528B19AFD4D5}.Debug|Any CPU.ActiveCfg = Debug|Any CPU
		{DD491495-AC21-49F7-8A2C-528B19AFD4D5}.Debug|Any CPU.Build.0 = Debug|Any CPU
		{DD491495-AC21-49F7-8A2C-528B19AFD4D5}.Release|Any CPU.ActiveCfg = Release|Any CPU
		{DD491495-AC21-49F7-8A2C-528B19AFD4D5}.Release|Any CPU.Build.0 = Release|Any CPU
	EndGlobalSection
	GlobalSection(SolutionProperties) = preSolution
		HideSolutionNode = FALSE
	EndGlobalSection
	GlobalSection(ExtensibilityGlobals) = postSolution
		SolutionGuid = {4E0D1543-D034-4D37-834B-C3B78E10A509}
	EndGlobalSection
EndGlobal
